# THIS IS AN AUTOGENERATED FILE. DO NOT EDIT THIS FILE DIRECTLY.
# yarn lockfile v1


"@middy/core@^4.6.1":
  version "4.6.1"
  resolved "https://registry.yarnpkg.com/@middy/core/-/core-4.6.1.tgz#e27c89933946d776da4813023c5187c3f91d27d9"
  integrity sha512-3fBaaL2fTX0564pkniDBcTm3S8qOatHVZKDZ8GG3ZrmEJhVkWGkv1e4iWywjtBsLaXzho75uuSUFwdeEbl3x5A==

"@types/node@^18.17.15":
  version "18.17.15"
  resolved "https://registry.yarnpkg.com/@types/node/-/node-18.17.15.tgz#31301a273b9ca7d568fe6d1c35ae52e0fb3f8d6a"
  integrity sha512-2yrWpBk32tvV/JAd3HNHWuZn/VDN1P+72hWirHnvsvTGSqbANi+kSeuQR9yAHnbvaBvHDsoTdXV0Fe+iRtHLKA==

typescript@^5.2.2:
  version "5.2.2"
  resolved "https://registry.yarnpkg.com/typescript/-/typescript-5.2.2.tgz#5ebb5e5a5b75f085f22bc3f8460fba308310fa78"
  integrity sha512-mI4WrpHsbCIcwT9cF4FZvr80QUeKvsUsUvKDoR+X/7XHQH98xYD8YHZg7ANtz2GtZt/CBq2QJ0thkGJMHfqc1w==
